
Microsoft Visual Studio Solution File, Format Version 12.00
# Visual Studio Version 16
VisualStudioVersion = 16.0.29920.165
MinimumVisualStudioVersion = 10.0.40219.1
Project("{FAE04EC0-301F-11D3-BF4B-00C04F79EFBC}") = "YuSheng.OrchardCore.FileStorage.AliYunOss", "YuSheng.OrchardCore.FileStorage.AliYunOss.csproj", "{FFFB5D44-C012-4083-BD53-99891E686F10}"
EndProject
Global
	GlobalSection(SolutionConfigurationPlatforms) = preSolution
		Debug|Any CPU = Debug|Any CPU
		Release|Any CPU = Release|Any CPU
	EndGlobalSection
	GlobalSection(ProjectConfigurationPlatforms) = postSolution
		{FFFB5D44-C012-4083-BD53-99891E686F10}.Debug|Any CPU.ActiveCfg = Debug|Any CPU
		{FFFB5D44-C012-4083-BD53-99891E686F10}.Debug|Any CPU.Build.0 = Debug|Any CPU
		{FFFB5D44-C012-4083-BD53-99891E686F10}.Release|Any CPU.ActiveCfg = Release|Any CPU
		{FFFB5D44-C012-4083-BD53-99891E686F10}.Release|Any CPU.Build.0 = Release|Any CPU
	EndGlobalSection
	GlobalSection(SolutionProperties) = preSolution
		HideSolutionNode = FALSE
	EndGlobalSection
	GlobalSection(ExtensibilityGlobals) = postSolution
		SolutionGuid = {57E59160-7B6B-4929-96EE-B8408892E3DA}
	EndGlobalSection
EndGlobal
